
Microsoft Visual Studio Solution File, Format Version 12.00
# Visual Studio 15
Project("{FAE04EC0-301F-11D3-BF4B-00C04F79EFBC}") = "Assembly-CSharp", "Assembly-CSharp.csproj", "{C730FA4B-5D8C-BC68-3A2E-DB323144DA4B}"
EndProject
Project("{FAE04EC0-301F-11D3-BF4B-00C04F79EFBC}") = "FMODUnity", "FMODUnity.csproj", "{A66C760E-CA0D-1316-1521-062C12B52842}"
EndProject
Project("{FAE04EC0-301F-11D3-BF4B-00C04F79EFBC}") = "FMODUnityResonance", "FMODUnityResonance.csproj", "{C18B28A4-5533-1F00-B1C0-4ACC3F95BD83}"
EndProject
Project("{FAE04EC0-301F-11D3-BF4B-00C04F79EFBC}") = "FMODUnityEditor", "FMODUnityEditor.csproj", "{4B09A554-3507-ACC8-A514-280CBD510B19}"
EndProject
Project("{FAE04EC0-301F-11D3-BF4B-00C04F79EFBC}") = "FMODUnityResonanceEditor", "FMODUnityResonanceEditor.csproj", "{E05396FD-6F5D-0265-6063-E0DCE34ADB59}"
EndProject
Global
	GlobalSection(SolutionConfigurationPlatforms) = preSolution
		Debug|Any CPU = Debug|Any CPU
		Release|Any CPU = Release|Any CPU
	EndGlobalSection
	GlobalSection(ProjectConfigurationPlatforms) = postSolution
		{C730FA4B-5D8C-BC68-3A2E-DB323144DA4B}.Debug|Any CPU.ActiveCfg = Debug|Any CPU
		{C730FA4B-5D8C-BC68-3A2E-DB323144DA4B}.Debug|Any CPU.Build.0 = Debug|Any CPU
		{C730FA4B-5D8C-BC68-3A2E-DB323144DA4B}.Release|Any CPU.ActiveCfg = Release|Any CPU
		{C730FA4B-5D8C-BC68-3A2E-DB323144DA4B}.Release|Any CPU.Build.0 = Release|Any CPU
		{A66C760E-CA0D-1316-1521-062C12B52842}.Debug|Any CPU.ActiveCfg = Debug|Any CPU
		{A66C760E-CA0D-1316-1521-062C12B52842}.Debug|Any CPU.Build.0 = Debug|Any CPU
		{A66C760E-CA0D-1316-1521-062C12B52842}.Release|Any CPU.ActiveCfg = Release|Any CPU
		{A66C760E-CA0D-1316-1521-062C12B52842}.Release|Any CPU.Build.0 = Release|Any CPU
		{C18B28A4-5533-1F00-B1C0-4ACC3F95BD83}.Debug|Any CPU.ActiveCfg = Debug|Any CPU
		{C18B28A4-5533-1F00-B1C0-4ACC3F95BD83}.Debug|Any CPU.Build.0 = Debug|Any CPU
		{C18B28A4-5533-1F00-B1C0-4ACC3F95BD83}.Release|Any CPU.ActiveCfg = Release|Any CPU
		{C18B28A4-5533-1F00-B1C0-4ACC3F95BD83}.Release|Any CPU.Build.0 = Release|Any CPU
		{4B09A554-3507-ACC8-A514-280CBD510B19}.Debug|Any CPU.ActiveCfg = Debug|Any CPU
		{4B09A554-3507-ACC8-A514-280CBD510B19}.Debug|Any CPU.Build.0 = Debug|Any CPU
		{4B09A554-3507-ACC8-A514-280CBD510B19}.Release|Any CPU.ActiveCfg = Release|Any CPU
		{4B09A554-3507-ACC8-A514-280CBD510B19}.Release|Any CPU.Build.0 = Release|Any CPU
		{E05396FD-6F5D-0265-6063-E0DCE34ADB59}.Debug|Any CPU.ActiveCfg = Debug|Any CPU
		{E05396FD-6F5D-0265-6063-E0DCE34ADB59}.Debug|Any CPU.Build.0 = Debug|Any CPU
		{E05396FD-6F5D-0265-6063-E0DCE34ADB59}.Release|Any CPU.ActiveCfg = Release|Any CPU
		{E05396FD-6F5D-0265-6063-E0DCE34ADB59}.Release|Any CPU.Build.0 = Release|Any CPU
	EndGlobalSection
	GlobalSection(SolutionProperties) = preSolution
		HideSolutionNode = FALSE
	EndGlobalSection
EndGlobal
